
Microsoft Visual Studio Solution File, Format Version 12.00
# Visual Studio 15
VisualStudioVersion = 15.0.26730.16
MinimumVisualStudioVersion = 10.0.40219.1
Project("{2150E333-8FDC-42A3-9474-1A3956D46DE8}") = "Configuration", "Configuration", "{7D6B05CE-728F-4D07-B962-2901B7875A41}"
EndProject
Project("{2150E333-8FDC-42A3-9474-1A3956D46DE8}") = "Foundation", "Foundation", "{E40D0926-3434-49E4-A288-03D29ADCD43A}"
EndProject
Project("{2150E333-8FDC-42A3-9474-1A3956D46DE8}") = "Feature", "Feature", "{5C9363F7-A10B-48DF-ABAE-C636D5127A95}"
EndProject
Project("{2150E333-8FDC-42A3-9474-1A3956D46DE8}") = "Project", "Project", "{8CB92E53-B0A2-4030-BF80-6C1FC9F833D1}"
EndProject
Project("{2150E333-8FDC-42A3-9474-1A3956D46DE8}") = "Serialization", "Serialization", "{7A8D3309-66A4-4DB5-BECA-2D73F702BC34}"
EndProject
Project("{FAE04EC0-301F-11D3-BF4B-00C04F79EFBC}") = "Sitecore.Foundation.Serialization", "src\Foundation\Serialization\code\Sitecore.Foundation.Serialization.csproj", "{82F1DCEA-486A-4F18-B6D3-AE3D17E24DE0}"
EndProject
Project("{FAE04EC0-301F-11D3-BF4B-00C04F79EFBC}") = "Sitecore.Project.Course82", "src\Project\Course82\code\Sitecore.Project.Course82.csproj", "{4A7F4F26-232E-4353-A974-04AD0D09D3D6}"
EndProject
Project("{2150E333-8FDC-42A3-9474-1A3956D46DE8}") = "Course82", "Course82", "{8ED28E37-2B99-4743-80C5-BC14D76C883F}"
EndProject
Project("{FAE04EC0-301F-11D3-BF4B-00C04F79EFBC}") = "NamespacePrefix.ModuleType.ModuleName", "templates\module-template\ModuleName\code\NamespacePrefix.ModuleType.ModuleName.csproj", "{5DCBFC50-6FC5-49B8-ACA7-58394D0D6757}"
EndProject
Project("{2150E333-8FDC-42A3-9474-1A3956D46DE8}") = "ModulePattern", "ModulePattern", "{45AB0096-7491-40A3-B912-DED1B9E20F73}"
EndProject
Project("{FAE04EC0-301F-11D3-BF4B-00C04F79EFBC}") = "NamespacePrefix.ModuleType.ModuleName.Tests", "templates\module-template\ModuleName\tests\NamespacePrefix.ModuleType.ModuleName.Tests.csproj", "{0106BEC6-6EB7-41EB-AEBC-16DC3E6C685D}"
EndProject
Global
	GlobalSection(SolutionConfigurationPlatforms) = preSolution
		Debug|Any CPU = Debug|Any CPU
		Release|Any CPU = Release|Any CPU
	EndGlobalSection
	GlobalSection(ProjectConfigurationPlatforms) = postSolution
		{82F1DCEA-486A-4F18-B6D3-AE3D17E24DE0}.Debug|Any CPU.ActiveCfg = Debug|Any CPU
		{82F1DCEA-486A-4F18-B6D3-AE3D17E24DE0}.Debug|Any CPU.Build.0 = Debug|Any CPU
		{82F1DCEA-486A-4F18-B6D3-AE3D17E24DE0}.Release|Any CPU.ActiveCfg = Release|Any CPU
		{82F1DCEA-486A-4F18-B6D3-AE3D17E24DE0}.Release|Any CPU.Build.0 = Release|Any CPU
		{4A7F4F26-232E-4353-A974-04AD0D09D3D6}.Debug|Any CPU.ActiveCfg = Debug|Any CPU
		{4A7F4F26-232E-4353-A974-04AD0D09D3D6}.Debug|Any CPU.Build.0 = Debug|Any CPU
		{4A7F4F26-232E-4353-A974-04AD0D09D3D6}.Release|Any CPU.ActiveCfg = Release|Any CPU
		{4A7F4F26-232E-4353-A974-04AD0D09D3D6}.Release|Any CPU.Build.0 = Release|Any CPU
		{5DCBFC50-6FC5-49B8-ACA7-58394D0D6757}.Debug|Any CPU.ActiveCfg = Debug|Any CPU
		{5DCBFC50-6FC5-49B8-ACA7-58394D0D6757}.Debug|Any CPU.Build.0 = Debug|Any CPU
		{5DCBFC50-6FC5-49B8-ACA7-58394D0D6757}.Release|Any CPU.ActiveCfg = Release|Any CPU
		{5DCBFC50-6FC5-49B8-ACA7-58394D0D6757}.Release|Any CPU.Build.0 = Release|Any CPU
		{0106BEC6-6EB7-41EB-AEBC-16DC3E6C685D}.Debug|Any CPU.ActiveCfg = Debug|Any CPU
		{0106BEC6-6EB7-41EB-AEBC-16DC3E6C685D}.Debug|Any CPU.Build.0 = Debug|Any CPU
		{0106BEC6-6EB7-41EB-AEBC-16DC3E6C685D}.Release|Any CPU.ActiveCfg = Release|Any CPU
		{0106BEC6-6EB7-41EB-AEBC-16DC3E6C685D}.Release|Any CPU.Build.0 = Release|Any CPU
	EndGlobalSection
	GlobalSection(SolutionProperties) = preSolution
		HideSolutionNode = FALSE
	EndGlobalSection
	GlobalSection(NestedProjects) = preSolution
		{7A8D3309-66A4-4DB5-BECA-2D73F702BC34} = {E40D0926-3434-49E4-A288-03D29ADCD43A}
		{82F1DCEA-486A-4F18-B6D3-AE3D17E24DE0} = {7A8D3309-66A4-4DB5-BECA-2D73F702BC34}
		{4A7F4F26-232E-4353-A974-04AD0D09D3D6} = {8ED28E37-2B99-4743-80C5-BC14D76C883F}
		{8ED28E37-2B99-4743-80C5-BC14D76C883F} = {8CB92E53-B0A2-4030-BF80-6C1FC9F833D1}
		{5DCBFC50-6FC5-49B8-ACA7-58394D0D6757} = {45AB0096-7491-40A3-B912-DED1B9E20F73}
		{45AB0096-7491-40A3-B912-DED1B9E20F73} = {7D6B05CE-728F-4D07-B962-2901B7875A41}
		{0106BEC6-6EB7-41EB-AEBC-16DC3E6C685D} = {45AB0096-7491-40A3-B912-DED1B9E20F73}
	EndGlobalSection
	GlobalSection(ExtensibilityGlobals) = postSolution
		SolutionGuid = {45BF2597-D828-4D8A-8EF2-0B1039B8E95A}
	EndGlobalSection
EndGlobal
